
Microsoft Visual Studio Solution File, Format Version 12.00
# Visual Studio Version 17
VisualStudioVersion = 17.9.34723.18
MinimumVisualStudioVersion = 10.0.40219.1
Project("{FAE04EC0-301F-11D3-BF4B-00C04F79EFBC}") = "EXERCICIO 3", "EXERCICIO 3.csproj", "{4108922E-6B58-465D-83DC-30892EB3EF85}"
EndProject
Global
	GlobalSection(SolutionConfigurationPlatforms) = preSolution
		Debug|Any CPU = Debug|Any CPU
		Release|Any CPU = Release|Any CPU
	EndGlobalSection
	GlobalSection(ProjectConfigurationPlatforms) = postSolution
		{4108922E-6B58-465D-83DC-30892EB3EF85}.Debug|Any CPU.ActiveCfg = Debug|Any CPU
		{4108922E-6B58-465D-83DC-30892EB3EF85}.Debug|Any CPU.Build.0 = Debug|Any CPU
		{4108922E-6B58-465D-83DC-30892EB3EF85}.Release|Any CPU.ActiveCfg = Release|Any CPU
		{4108922E-6B58-465D-83DC-30892EB3EF85}.Release|Any CPU.Build.0 = Release|Any CPU
	EndGlobalSection
	GlobalSection(SolutionProperties) = preSolution
		HideSolutionNode = FALSE
	EndGlobalSection
	GlobalSection(ExtensibilityGlobals) = postSolution
		SolutionGuid = {C8791E4C-E0C5-46C7-AF59-7F673D2C27BF}
	EndGlobalSection
EndGlobal
